<?xml version="1.0" encoding="UTF-8" standalone="yes" ?>
<CodeBlocks_project_file>
	<FileVersion major="1" minor="6" />
	<Project>
		<Option title="gamepr" />
		<Option pch_mode="2" />
		<Option compiler="gcc" />
		<Build>
			<Target title="Debug">
				<Option output="bin/Debug/gamepr" prefix_auto="1" extension_auto="1" />
				<Option object_output="obj/Debug/" />
				<Option type="1" />
				<Option compiler="gcc" />
				<Compiler>
					<Add option="-g" />
				</Compiler>
			</Target>
			<Target title="Release">
				<Option output="bin/Release/gamepr" prefix_auto="1" extension_auto="1" />
				<Option object_output="obj/Release/" />
				<Option type="1" />
				<Option compiler="gcc" />
				<Compiler>
					<Add option="-O2" />
				</Compiler>
				<Linker>
					<Add option="-s" />
				</Linker>
			</Target>
		</Build>
		<Compiler>
			<Add option="-Wall" />
			<Add option="-fexceptions" />
		</Compiler>
		<Unit filename="Game.cpp" />
		<Unit filename="GameWindow.cpp" />
		<Unit filename="MainWindow.cpp" />
		<Unit filename="Simulation.cpp" />
		<Unit filename="User.cpp" />
		<Unit filename="dbsCreation.h" />
		<Unit filename="dbsSource.cpp" />
		<Unit filename="dbsSource.h" />
		<Unit filename="gameFunc.h" />
		<Unit filename="main.cpp" />
		<Unit filename="unit-tests/catch.hpp" />
		<Unit filename="unit-tests/mainwindow_tests.cpp" />
		<Unit filename="utility.h" />
		<Extensions>
			<code_completion />
			<envvars />
			<debugger />
		</Extensions>
	</Project>
</CodeBlocks_project_file>
